
Microsoft Visual Studio Solution File, Format Version 12.00
# Visual Studio Version 17
VisualStudioVersion = 17.0.31903.59
MinimumVisualStudioVersion = 10.0.40219.1
Project("{2150E333-8FDC-42A3-9474-1A3956D46DE8}") = "src", "src", "{827E0CD3-B72D-47B6-A68D-7590B98EB39B}"
EndProject
Project("{FAE04EC0-301F-11D3-BF4B-00C04F79EFBC}") = "SmartLogist.Domain", "src\SmartLogist.Domain\SmartLogist.Domain.csproj", "{58623261-0460-44D8-9839-9CC8DDE7190E}"
EndProject
Project("{FAE04EC0-301F-11D3-BF4B-00C04F79EFBC}") = "SmartLogist.Application", "src\SmartLogist.Application\SmartLogist.Application.csproj", "{2E3B0D8C-A373-41A1-A215-9690C28DAC00}"
EndProject
Project("{FAE04EC0-301F-11D3-BF4B-00C04F79EFBC}") = "SmartLogist.Infrastructure", "src\SmartLogist.Infrastructure\SmartLogist.Infrastructure.csproj", "{A8A788A5-5EFF-4E8F-8887-4DA5AB119460}"
EndProject
Project("{FAE04EC0-301F-11D3-BF4B-00C04F79EFBC}") = "SmartLogist.WebAPI", "src\SmartLogist.WebAPI\SmartLogist.WebAPI.csproj", "{B0C29326-FAB8-46FD-8994-E20DFC019344}"
EndProject
Global
	GlobalSection(SolutionConfigurationPlatforms) = preSolution
		Debug|Any CPU = Debug|Any CPU
		Debug|x64 = Debug|x64
		Debug|x86 = Debug|x86
		Release|Any CPU = Release|Any CPU
		Release|x64 = Release|x64
		Release|x86 = Release|x86
	EndGlobalSection
	GlobalSection(ProjectConfigurationPlatforms) = postSolution
		{58623261-0460-44D8-9839-9CC8DDE7190E}.Debug|Any CPU.ActiveCfg = Debug|Any CPU
		{58623261-0460-44D8-9839-9CC8DDE7190E}.Debug|Any CPU.Build.0 = Debug|Any CPU
		{58623261-0460-44D8-9839-9CC8DDE7190E}.Debug|x64.ActiveCfg = Debug|Any CPU
		{58623261-0460-44D8-9839-9CC8DDE7190E}.Debug|x64.Build.0 = Debug|Any CPU
		{58623261-0460-44D8-9839-9CC8DDE7190E}.Debug|x86.ActiveCfg = Debug|Any CPU
		{58623261-0460-44D8-9839-9CC8DDE7190E}.Debug|x86.Build.0 = Debug|Any CPU
		{58623261-0460-44D8-9839-9CC8DDE7190E}.Release|Any CPU.ActiveCfg = Release|Any CPU
		{58623261-0460-44D8-9839-9CC8DDE7190E}.Release|Any CPU.Build.0 = Release|Any CPU
		{58623261-0460-44D8-9839-9CC8DDE7190E}.Release|x64.ActiveCfg = Release|Any CPU
		{58623261-0460-44D8-9839-9CC8DDE7190E}.Release|x64.Build.0 = Release|Any CPU
		{58623261-0460-44D8-9839-9CC8DDE7190E}.Release|x86.ActiveCfg = Release|Any CPU
		{58623261-0460-44D8-9839-9CC8DDE7190E}.Release|x86.Build.0 = Release|Any CPU
		{2E3B0D8C-A373-41A1-A215-9690C28DAC00}.Debug|Any CPU.ActiveCfg = Debug|Any CPU
		{2E3B0D8C-A373-41A1-A215-9690C28DAC00}.Debug|Any CPU.Build.0 = Debug|Any CPU
		{2E3B0D8C-A373-41A1-A215-9690C28DAC00}.Debug|x64.ActiveCfg = Debug|Any CPU
		{2E3B0D8C-A373-41A1-A215-9690C28DAC00}.Debug|x64.Build.0 = Debug|Any CPU
		{2E3B0D8C-A373-41A1-A215-9690C28DAC00}.Debug|x86.ActiveCfg = Debug|Any CPU
		{2E3B0D8C-A373-41A1-A215-9690C28DAC00}.Debug|x86.Build.0 = Debug|Any CPU
		{2E3B0D8C-A373-41A1-A215-9690C28DAC00}.Release|Any CPU.ActiveCfg = Release|Any CPU
		{2E3B0D8C-A373-41A1-A215-9690C28DAC00}.Release|Any CPU.Build.0 = Release|Any CPU
		{2E3B0D8C-A373-41A1-A215-9690C28DAC00}.Release|x64.ActiveCfg = Release|Any CPU
		{2E3B0D8C-A373-41A1-A215-9690C28DAC00}.Release|x64.Build.0 = Release|Any CPU
		{2E3B0D8C-A373-41A1-A215-9690C28DAC00}.Release|x86.ActiveCfg = Release|Any CPU
		{2E3B0D8C-A373-41A1-A215-9690C28DAC00}.Release|x86.Build.0 = Release|Any CPU
		{A8A788A5-5EFF-4E8F-8887-4DA5AB119460}.Debug|Any CPU.ActiveCfg = Debug|Any CPU
		{A8A788A5-5EFF-4E8F-8887-4DA5AB119460}.Debug|Any CPU.Build.0 = Debug|Any CPU
		{A8A788A5-5EFF-4E8F-8887-4DA5AB119460}.Debug|x64.ActiveCfg = Debug|Any CPU
		{A8A788A5-5EFF-4E8F-8887-4DA5AB119460}.Debug|x64.Build.0 = Debug|Any CPU
		{A8A788A5-5EFF-4E8F-8887-4DA5AB119460}.Debug|x86.ActiveCfg = Debug|Any CPU
		{A8A788A5-5EFF-4E8F-8887-4DA5AB119460}.Debug|x86.Build.0 = Debug|Any CPU
		{A8A788A5-5EFF-4E8F-8887-4DA5AB119460}.Release|Any CPU.ActiveCfg = Release|Any CPU
		{A8A788A5-5EFF-4E8F-8887-4DA5AB119460}.Release|Any CPU.Build.0 = Release|Any CPU
		{A8A788A5-5EFF-4E8F-8887-4DA5AB119460}.Release|x64.ActiveCfg = Release|Any CPU
		{A8A788A5-5EFF-4E8F-8887-4DA5AB119460}.Release|x64.Build.0 = Release|Any CPU
		{A8A788A5-5EFF-4E8F-8887-4DA5AB119460}.Release|x86.ActiveCfg = Release|Any CPU
		{A8A788A5-5EFF-4E8F-8887-4DA5AB119460}.Release|x86.Build.0 = Release|Any CPU
		{B0C29326-FAB8-46FD-8994-E20DFC019344}.Debug|Any CPU.ActiveCfg = Debug|Any CPU
		{B0C29326-FAB8-46FD-8994-E20DFC019344}.Debug|Any CPU.Build.0 = Debug|Any CPU
		{B0C29326-FAB8-46FD-8994-E20DFC019344}.Debug|x64.ActiveCfg = Debug|Any CPU
		{B0C29326-FAB8-46FD-8994-E20DFC019344}.Debug|x64.Build.0 = Debug|Any CPU
		{B0C29326-FAB8-46FD-8994-E20DFC019344}.Debug|x86.ActiveCfg = Debug|Any CPU
		{B0C29326-FAB8-46FD-8994-E20DFC019344}.Debug|x86.Build.0 = Debug|Any CPU
		{B0C29326-FAB8-46FD-8994-E20DFC019344}.Release|Any CPU.ActiveCfg = Release|Any CPU
		{B0C29326-FAB8-46FD-8994-E20DFC019344}.Release|Any CPU.Build.0 = Release|Any CPU
		{B0C29326-FAB8-46FD-8994-E20DFC019344}.Release|x64.ActiveCfg = Release|Any CPU
		{B0C29326-FAB8-46FD-8994-E20DFC019344}.Release|x64.Build.0 = Release|Any CPU
		{B0C29326-FAB8-46FD-8994-E20DFC019344}.Release|x86.ActiveCfg = Release|Any CPU
		{B0C29326-FAB8-46FD-8994-E20DFC019344}.Release|x86.Build.0 = Release|Any CPU
	EndGlobalSection
	GlobalSection(SolutionProperties) = preSolution
		HideSolutionNode = FALSE
	EndGlobalSection
	GlobalSection(NestedProjects) = preSolution
		{58623261-0460-44D8-9839-9CC8DDE7190E} = {827E0CD3-B72D-47B6-A68D-7590B98EB39B}
		{2E3B0D8C-A373-41A1-A215-9690C28DAC00} = {827E0CD3-B72D-47B6-A68D-7590B98EB39B}
		{A8A788A5-5EFF-4E8F-8887-4DA5AB119460} = {827E0CD3-B72D-47B6-A68D-7590B98EB39B}
		{B0C29326-FAB8-46FD-8994-E20DFC019344} = {827E0CD3-B72D-47B6-A68D-7590B98EB39B}
	EndGlobalSection
EndGlobal
